
Microsoft Visual Studio Solution File, Format Version 12.00
# Visual Studio Version 17
VisualStudioVersion = 17.5.33530.505
MinimumVisualStudioVersion = 10.0.40219.1
Project("{FAE04EC0-301F-11D3-BF4B-00C04F79EFBC}") = "AspNetCoreWebAPIProject", "AspNetCoreWebAPIProject\AspNetCoreWebAPIProject.csproj", "{008B8DEA-83D1-4945-AF25-6E3FC913091E}"
EndProject
Global
	GlobalSection(SolutionConfigurationPlatforms) = preSolution
		Debug|Any CPU = Debug|Any CPU
		Release|Any CPU = Release|Any CPU
	EndGlobalSection
	GlobalSection(ProjectConfigurationPlatforms) = postSolution
		{008B8DEA-83D1-4945-AF25-6E3FC913091E}.Debug|Any CPU.ActiveCfg = Debug|Any CPU
		{008B8DEA-83D1-4945-AF25-6E3FC913091E}.Debug|Any CPU.Build.0 = Debug|Any CPU
		{008B8DEA-83D1-4945-AF25-6E3FC913091E}.Release|Any CPU.ActiveCfg = Release|Any CPU
		{008B8DEA-83D1-4945-AF25-6E3FC913091E}.Release|Any CPU.Build.0 = Release|Any CPU
	EndGlobalSection
	GlobalSection(SolutionProperties) = preSolution
		HideSolutionNode = FALSE
	EndGlobalSection
	GlobalSection(ExtensibilityGlobals) = postSolution
		SolutionGuid = {5BF7456F-9150-4211-AC97-E061DC0893A3}
	EndGlobalSection
EndGlobal
